Microsoft Visual Studio Solution File, Format Version 11.00
# Visual Studio 2008

Project("{3168CF00-FD28-15DB-01E9-5ABD2E035D1A}") = "ARunity", "Assembly-CSharp.csproj", "{866EC2FF-ACD5-FA9E-0CB4-635CC2C48A8E}"
EndProject
Project("{3168CF00-FD28-15DB-01E9-5ABD2E035D1A}") = "ARunity", "Assembly-CSharp-Editor.csproj", "{7D154370-1B65-CEAF-568B-1AB4CC5C49D6}"
EndProject
Global
	GlobalSection(SolutionConfigurationPlatforms) = preSolution
		Debug|Any CPU = Debug|Any CPU
		Release|Any CPU = Release|Any CPU
	EndGlobalSection
	GlobalSection(ProjectConfigurationPlatforms) = postSolution
		{866EC2FF-ACD5-FA9E-0CB4-635CC2C48A8E}.Debug|Any CPU.ActiveCfg = Debug|Any CPU
		{866EC2FF-ACD5-FA9E-0CB4-635CC2C48A8E}.Debug|Any CPU.Build.0 = Debug|Any CPU
		{866EC2FF-ACD5-FA9E-0CB4-635CC2C48A8E}.Release|Any CPU.ActiveCfg = Release|Any CPU
		{866EC2FF-ACD5-FA9E-0CB4-635CC2C48A8E}.Release|Any CPU.Build.0 = Release|Any CPU
		{7D154370-1B65-CEAF-568B-1AB4CC5C49D6}.Debug|Any CPU.ActiveCfg = Debug|Any CPU
		{7D154370-1B65-CEAF-568B-1AB4CC5C49D6}.Debug|Any CPU.Build.0 = Debug|Any CPU
		{7D154370-1B65-CEAF-568B-1AB4CC5C49D6}.Release|Any CPU.ActiveCfg = Release|Any CPU
		{7D154370-1B65-CEAF-568B-1AB4CC5C49D6}.Release|Any CPU.Build.0 = Release|Any CPU
	EndGlobalSection
	GlobalSection(SolutionProperties) = preSolution
		HideSolutionNode = FALSE
	EndGlobalSection
	GlobalSection(MonoDevelopProperties) = preSolution
		StartupItem = Assembly-CSharp.csproj
	EndGlobalSection
EndGlobal
